// !$*UTF8*$!
{
	archiveVersion = 1;
	classes = {
	};
	objectVersion = 46;
	objects = {

/* Begin PBXBuildFile section */
		75E1F1C17E4C28613944B61F /* Pods_FacebookPhotoViewer.framework in Frameworks */ = {isa = PBXBuildFile; fileRef = 7EE3B43E7E9703DE27B8928A /* Pods_FacebookPhotoViewer.framework */; };
		B5D0DB731F6C177E00AE53BC /* AlbumListViewController.swift in Sources */ = {isa = PBXBuildFile; fileRef = B5D0DB721F6C177E00AE53BC /* AlbumListViewController.swift */; };
		B5D0DB781F6D3FA600AE53BC /* FBHandler.swift in Sources */ = {isa = PBXBuildFile; fileRef = B5D0DB771F6D3FA600AE53BC /* FBHandler.swift */; };
		B5D0DB7A1F6DC7BE00AE53BC /* PhotosViewController.swift in Sources */ = {isa = PBXBuildFile; fileRef = B5D0DB791F6DC7BE00AE53BC /* PhotosViewController.swift */; };
		B5D0DB7C1F7000A100AE53BC /* AlbumTableViewCell.swift in Sources */ = {isa = PBXBuildFile; fileRef = B5D0DB7B1F7000A100AE53BC /* AlbumTableViewCell.swift */; };
		B5D0DB7E1F706D5C00AE53BC /* AlbumModel.swift in Sources */ = {isa = PBXBuildFile; fileRef = B5D0DB7D1F706D5C00AE53BC /* AlbumModel.swift */; };
		B5DD66561F6AEADD00115193 /* AppDelegate.swift in Sources */ = {isa = PBXBuildFile; fileRef = B5DD66551F6AEADD00115193 /* AppDelegate.swift */; };
		B5DD66581F6AEADD00115193 /* LoginViewController.swift in Sources */ = {isa = PBXBuildFile; fileRef = B5DD66571F6AEADD00115193 /* LoginViewController.swift */; };
		B5DD665B1F6AEADD00115193 /* Main.storyboard in Resources */ = {isa = PBXBuildFile; fileRef = B5DD66591F6AEADD00115193 /* Main.storyboard */; };
		B5DD665D1F6AEADD00115193 /* Assets.xcassets in Resources */ = {isa = PBXBuildFile; fileRef = B5DD665C1F6AEADD00115193 /* Assets.xcassets */; };
		B5DD66601F6AEADD00115193 /* LaunchScreen.storyboard in Resources */ = {isa = PBXBuildFile; fileRef = B5DD665E1F6AEADD00115193 /* LaunchScreen.storyboard */; };
		B5E046D21F73E08C00F3D16E /* PhotosCollectionViewCell.swift in Sources */ = {isa = PBXBuildFile; fileRef = B5E046D11F73E08C00F3D16E /* PhotosCollectionViewCell.swift */; };
		B5E046D41F7515AC00F3D16E /* SinglePhotoViewController.swift in Sources */ = {isa = PBXBuildFile; fileRef = B5E046D31F7515AC00F3D16E /* SinglePhotoViewController.swift */; };
/* End PBXBuildFile section */

/* Begin PBXFileReference section */
		5076921CAE73E680667F102C /* Pods-FacebookPhotoViewer.debug.xcconfig */ = {isa = PBXFileReference; includeInIndex = 1; lastKnownFileType = text.xcconfig; name = "Pods-FacebookPhotoViewer.debug.xcconfig"; path = "Pods/Target Support Files/Pods-FacebookPhotoViewer/Pods-FacebookPhotoViewer.debug.xcconfig"; sourceTree = "<group>"; };
		7EE3B43E7E9703DE27B8928A /* Pods_FacebookPhotoViewer.framework */ = {isa = PBXFileReference; explicitFileType = wrapper.framework; includeInIndex = 0; path = Pods_FacebookPhotoViewer.framework; sourceTree = BUILT_PRODUCTS_DIR; };
		9F88F27A1F9FA8EE8F4BF542 /* Pods-FacebookPhotoViewer.release.xcconfig */ = {isa = PBXFileReference; includeInIndex = 1; lastKnownFileType = text.xcconfig; name = "Pods-FacebookPhotoViewer.release.xcconfig"; path = "Pods/Target Support Files/Pods-FacebookPhotoViewer/Pods-FacebookPhotoViewer.release.xcconfig"; sourceTree = "<group>"; };
		B5D0DB721F6C177E00AE53BC /* AlbumListViewController.swift */ = {isa = PBXFileReference; fileEncoding = 4; lastKnownFileType = sourcecode.swift; path = AlbumListViewController.swift; sourceTree = "<group>"; };
		B5D0DB771F6D3FA600AE53BC /* FBHandler.swift */ = {isa = PBXFileReference; fileEncoding = 4; lastKnownFileType = sourcecode.swift; path = FBHandler.swift; sourceTree = "<group>"; };
		B5D0DB791F6DC7BE00AE53BC /* PhotosViewController.swift */ = {isa = PBXFileReference; fileEncoding = 4; lastKnownFileType = sourcecode.swift; path = PhotosViewController.swift; sourceTree = "<group>"; };
		B5D0DB7B1F7000A100AE53BC /* AlbumTableViewCell.swift */ = {isa = PBXFileReference; fileEncoding = 4; lastKnownFileType = sourcecode.swift; path = AlbumTableViewCell.swift; sourceTree = "<group>"; };
		B5D0DB7D1F706D5C00AE53BC /* AlbumModel.swift */ = {isa = PBXFileReference; fileEncoding = 4; lastKnownFileType = sourcecode.swift; path = AlbumModel.swift; sourceTree = "<group>"; };
		B5DD66521F6AEADD00115193 /* FacebookPhotoViewer.app */ = {isa = PBXFileReference; explicitFileType = wrapper.application; includeInIndex = 0; path = FacebookPhotoViewer.app; sourceTree = BUILT_PRODUCTS_DIR; };
		B5DD66551F6AEADD00115193 /* AppDelegate.swift */ = {isa = PBXFileReference; lastKnownFileType = sourcecode.swift; path = AppDelegate.swift; sourceTree = "<group>"; };
		B5DD66571F6AEADD00115193 /* LoginViewController.swift */ = {isa = PBXFileReference; lastKnownFileType = sourcecode.swift; path = LoginViewController.swift; sourceTree = "<group>"; };
		B5DD665A1F6AEADD00115193 /* Base */ = {isa = PBXFileReference; lastKnownFileType = file.storyboard; name = Base; path = Base.lproj/Main.storyboard; sourceTree = "<group>"; };
		B5DD665C1F6AEADD00115193 /* Assets.xcassets */ = {isa = PBXFileReference; lastKnownFileType = folder.assetcatalog; path = Assets.xcassets; sourceTree = "<group>"; };
		B5DD665F1F6AEADD00115193 /* Base */ = {isa = PBXFileReference; lastKnownFileType = file.storyboard; name = Base; path = Base.lproj/LaunchScreen.storyboard; sourceTree = "<group>"; };
		B5DD66611F6AEADD00115193 /* Info.plist */ = {isa = PBXFileReference; lastKnownFileType = text.plist.xml; path = Info.plist; sourceTree = "<group>"; };
		B5E046D11F73E08C00F3D16E /* PhotosCollectionViewCell.swift */ = {isa = PBXFileReference; lastKnownFileType = sourcecode.swift; path = PhotosCollectionViewCell.swift; sourceTree = "<group>"; };
		B5E046D31F7515AC00F3D16E /* SinglePhotoViewController.swift */ = {isa = PBXFileReference; lastKnownFileType = sourcecode.swift; path = SinglePhotoViewController.swift; sourceTree = "<group>"; };
/* End PBXFileReference section */

/* Begin PBXFrameworksBuildPhase section */
		B5DD664F1F6AEADC00115193 /* Frameworks */ = {
			isa = PBXFrameworksBuildPhase;
			buildActionMask = 2147483647;
			files = (
				75E1F1C17E4C28613944B61F /* Pods_FacebookPhotoViewer.framework in Frameworks */,
			);
			runOnlyForDeploymentPostprocessing = 0;
		};
/* End PBXFrameworksBuildPhase section */

/* Begin PBXGroup section */
		48548E2E5096B281358C3BA7 /* Pods */ = {
			isa = PBXGroup;
			children = (
				5076921CAE73E680667F102C /* Pods-FacebookPhotoViewer.debug.xcconfig */,
				9F88F27A1F9FA8EE8F4BF542 /* Pods-FacebookPhotoViewer.release.xcconfig */,
			);
			name = Pods;
			sourceTree = "<group>";
		};
		925BB3457B94D7A10BB8EBEB /* Frameworks */ = {
			isa = PBXGroup;
			children = (
				7EE3B43E7E9703DE27B8928A /* Pods_FacebookPhotoViewer.framework */,
			);
			name = Frameworks;
			sourceTree = "<group>";
		};
		B52362751F6BDD20003DE0BD /* Supporting Files */ = {
			isa = PBXGroup;
			children = (
				B5DD66611F6AEADD00115193 /* Info.plist */,
			);
			name = "Supporting Files";
			sourceTree = "<group>";
		};
		B52362761F6BDD2F003DE0BD /* AppDelegate */ = {
			isa = PBXGroup;
			children = (
				B5DD66551F6AEADD00115193 /* AppDelegate.swift */,
			);
			name = AppDelegate;
			sourceTree = "<group>";
		};
		B52362771F6BDD40003DE0BD /* Resources */ = {
			isa = PBXGroup;
			children = (
				B5DD665C1F6AEADD00115193 /* Assets.xcassets */,
			);
			name = Resources;
			sourceTree = "<group>";
		};
		B52362781F6BDD66003DE0BD /* Controllers */ = {
			isa = PBXGroup;
			children = (
				B5D0DB721F6C177E00AE53BC /* AlbumListViewController.swift */,
				B5D0DB7B1F7000A100AE53BC /* AlbumTableViewCell.swift */,
				B5DD66571F6AEADD00115193 /* LoginViewController.swift */,
				B5E046D11F73E08C00F3D16E /* PhotosCollectionViewCell.swift */,
				B5D0DB791F6DC7BE00AE53BC /* PhotosViewController.swift */,
				B5E046D31F7515AC00F3D16E /* SinglePhotoViewController.swift */,
			);
			name = Controllers;
			sourceTree = "<group>";
		};
		B52362791F6BDD96003DE0BD /* Views */ = {
			isa = PBXGroup;
			children = (
				B5DD66591F6AEADD00115193 /* Main.storyboard */,
				B5DD665E1F6AEADD00115193 /* LaunchScreen.storyboard */,
			);
			name = Views;
			sourceTree = "<group>";
		};
		B5D0DB741F6D3DEC00AE53BC /* Models */ = {
			isa = PBXGroup;
			children = (
				B5D0DB7D1F706D5C00AE53BC /* AlbumModel.swift */,
				B5D0DB771F6D3FA600AE53BC /* FBHandler.swift */,
			);
			name = Models;
			sourceTree = "<group>";
		};
		B5DD66491F6AEADC00115193 = {
			isa = PBXGroup;
			children = (
				B5DD66541F6AEADD00115193 /* FacebookPhotoViewer */,
				B5DD66531F6AEADD00115193 /* Products */,
				48548E2E5096B281358C3BA7 /* Pods */,
				925BB3457B94D7A10BB8EBEB /* Frameworks */,
			);
			sourceTree = "<group>";
		};
		B5DD66531F6AEADD00115193 /* Products */ = {
			isa = PBXGroup;
			children = (
				B5DD66521F6AEADD00115193 /* FacebookPhotoViewer.app */,
			);
			name = Products;
			sourceTree = "<group>";
		};
		B5DD66541F6AEADD00115193 /* FacebookPhotoViewer */ = {
			isa = PBXGroup;
			children = (
				B52362761F6BDD2F003DE0BD /* AppDelegate */,
				B52362781F6BDD66003DE0BD /* Controllers */,
				B5D0DB741F6D3DEC00AE53BC /* Models */,
				B52362771F6BDD40003DE0BD /* Resources */,
				B52362751F6BDD20003DE0BD /* Supporting Files */,
				B52362791F6BDD96003DE0BD /* Views */,
			);
			path = FacebookPhotoViewer;
			sourceTree = "<group>";
		};
/* End PBXGroup section */

/* Begin PBXNativeTarget section */
		B5DD66511F6AEADC00115193 /* FacebookPhotoViewer */ = {
			isa = PBXNativeTarget;
			buildConfigurationList = B5DD66641F6AEADD00115193 /* Build configuration list for PBXNativeTarget "FacebookPhotoViewer" */;
			buildPhases = (
				1AFF3CE4433A51E2571D79D2 /* [CP] Check Pods Manifest.lock */,
				B5DD664E1F6AEADC00115193 /* Sources */,
				B5DD664F1F6AEADC00115193 /* Frameworks */,
				B5DD66501F6AEADC00115193 /* Resources */,
				13B6C9721328E44854989955 /* [CP] Embed Pods Frameworks */,
				E486D809A02BEFBF4DA7235E /* [CP] Copy Pods Resources */,
			);
			buildRules = (
			);
			dependencies = (
			);
			name = FacebookPhotoViewer;
			productName = FacebookPhotoViewer;
			productReference = B5DD66521F6AEADD00115193 /* FacebookPhotoViewer.app */;
			productType = "com.apple.product-type.application";
		};
/* End PBXNativeTarget section */

/* Begin PBXProject section */
		B5DD664A1F6AEADC00115193 /* Project object */ = {
			isa = PBXProject;
			attributes = {
				LastSwiftUpdateCheck = 0830;
				LastUpgradeCheck = 0830;
				ORGANIZATIONNAME = "Konstantin Konstantinov";
				TargetAttributes = {
					B5DD66511F6AEADC00115193 = {
						CreatedOnToolsVersion = 8.3.3;
						DevelopmentTeam = YV3R4G9QG6;
						ProvisioningStyle = Automatic;
					};
				};
			};
			buildConfigurationList = B5DD664D1F6AEADC00115193 /* Build configuration list for PBXProject "FacebookPhotoViewer" */;
			compatibilityVersion = "Xcode 3.2";
			developmentRegion = English;
			hasScannedForEncodings = 0;
			knownRegions = (
				en,
				Base,
			);
			mainGroup = B5DD66491F6AEADC00115193;
			productRefGroup = B5DD66531F6AEADD00115193 /* Products */;
			projectDirPath = "";
			projectRoot = "";
			targets = (
				B5DD66511F6AEADC00115193 /* FacebookPhotoViewer */,
			);
		};
/* End PBXProject section */

/* Begin PBXResourcesBuildPhase section */
		B5DD66501F6AEADC00115193 /* Resources */ = {
			isa = PBXResourcesBuildPhase;
			buildActionMask = 2147483647;
			files = (
				B5DD66601F6AEADD00115193 /* LaunchScreen.storyboard in Resources */,
				B5DD665D1F6AEADD00115193 /* Assets.xcassets in Resources */,
				B5DD665B1F6AEADD00115193 /* Main.storyboard in Resources */,
			);
			runOnlyForDeploymentPostprocessing = 0;
		};
/* End PBXResourcesBuildPhase section */

/* Begin PBXShellScriptBuildPhase section */
		13B6C9721328E44854989955 /* [CP] Embed Pods Frameworks */ = {
			isa = PBXShellScriptBuildPhase;
			buildActionMask = 2147483647;
			files = (
			);
			inputPaths = (
				"${SRCROOT}/Pods/Target Support Files/Pods-FacebookPhotoViewer/Pods-FacebookPhotoViewer-frameworks.sh",
				"${BUILT_PRODUCTS_DIR}/Bolts/Bolts.framework",
				"${BUILT_PRODUCTS_DIR}/FBSDKCoreKit/FBSDKCoreKit.framework",
				"${BUILT_PRODUCTS_DIR}/FBSDKLoginKit/FBSDKLoginKit.framework",
			);
			name = "[CP] Embed Pods Frameworks";
			outputPaths = (
				"${TARGET_BUILD_DIR}/${FRAMEWORKS_FOLDER_PATH}/Bolts.framework",
				"${TARGET_BUILD_DIR}/${FRAMEWORKS_FOLDER_PATH}/FBSDKCoreKit.framework",
				"${TARGET_BUILD_DIR}/${FRAMEWORKS_FOLDER_PATH}/FBSDKLoginKit.framework",
			);
			runOnlyForDeploymentPostprocessing = 0;
			shellPath = /bin/sh;
			shellScript = "\"${SRCROOT}/Pods/Target Support Files/Pods-FacebookPhotoViewer/Pods-FacebookPhotoViewer-frameworks.sh\"\n";
			showEnvVarsInLog = 0;
		};
		1AFF3CE4433A51E2571D79D2 /* [CP] Check Pods Manifest.lock */ = {
			isa = PBXShellScriptBuildPhase;
			buildActionMask = 2147483647;
			files = (
			);
			inputPaths = (
				"${PODS_PODFILE_DIR_PATH}/Podfile.lock",
				"${PODS_ROOT}/Manifest.lock",
			);
			name = "[CP] Check Pods Manifest.lock";
			outputPaths = (
				"$(DERIVED_FILE_DIR)/Pods-FacebookPhotoViewer-checkManifestLockResult.txt",
			);
			runOnlyForDeploymentPostprocessing = 0;
			shellPath = /bin/sh;
			shellScript = "diff \"${PODS_PODFILE_DIR_PATH}/Podfile.lock\" \"${PODS_ROOT}/Manifest.lock\" > /dev/null\nif [ $? != 0 ] ; then\n    # print error to STDERR\n    echo \"error: The sandbox is not in sync with the Podfile.lock. Run 'pod install' or update your CocoaPods installation.\" >&2\n    exit 1\nfi\n# This output is used by Xcode 'outputs' to avoid re-running this script phase.\necho \"SUCCESS\" > \"${SCRIPT_OUTPUT_FILE_0}\"\n";
			showEnvVarsInLog = 0;
		};
		E486D809A02BEFBF4DA7235E /* [CP] Copy Pods Resources */ = {
			isa = PBXShellScriptBuildPhase;
			buildActionMask = 2147483647;
			files = (
			);
			inputPaths = (
			);
			name = "[CP] Copy Pods Resources";
			outputPaths = (
			);
			runOnlyForDeploymentPostprocessing = 0;
			shellPath = /bin/sh;
			shellScript = "\"${SRCROOT}/Pods/Target Support Files/Pods-FacebookPhotoViewer/Pods-FacebookPhotoViewer-resources.sh\"\n";
			showEnvVarsInLog = 0;
		};
/* End PBXShellScriptBuildPhase section */

/* Begin PBXSourcesBuildPhase section */
		B5DD664E1F6AEADC00115193 /* Sources */ = {
			isa = PBXSourcesBuildPhase;
			buildActionMask = 2147483647;
			files = (
				B5D0DB7E1F706D5C00AE53BC /* AlbumModel.swift in Sources */,
				B5DD66581F6AEADD00115193 /* LoginViewController.swift in Sources */,
				B5D0DB781F6D3FA600AE53BC /* FBHandler.swift in Sources */,
				B5D0DB7A1F6DC7BE00AE53BC /* PhotosViewController.swift in Sources */,
				B5E046D41F7515AC00F3D16E /* SinglePhotoViewController.swift in Sources */,
				B5D0DB731F6C177E00AE53BC /* AlbumListViewController.swift in Sources */,
				B5E046D21F73E08C00F3D16E /* PhotosCollectionViewCell.swift in Sources */,
				B5DD66561F6AEADD00115193 /* AppDelegate.swift in Sources */,
				B5D0DB7C1F7000A100AE53BC /* AlbumTableViewCell.swift in Sources */,
			);
			runOnlyForDeploymentPostprocessing = 0;
		};
/* End PBXSourcesBuildPhase section */

/* Begin PBXVariantGroup section */
		B5DD66591F6AEADD00115193 /* Main.storyboard */ = {
			isa = PBXVariantGroup;
			children = (
				B5DD665A1F6AEADD00115193 /* Base */,
			);
			name = Main.storyboard;
			sourceTree = "<group>";
		};
		B5DD665E1F6AEADD00115193 /* LaunchScreen.storyboard */ = {
			isa = PBXVariantGroup;
			children = (
				B5DD665F1F6AEADD00115193 /* Base */,
			);
			name = LaunchScreen.storyboard;
			sourceTree = "<group>";
		};
/* End PBXVariantGroup section */

/* Begin XCBuildConfiguration section */
		B5DD66621F6AEADD00115193 /* Debug */ = {
			isa = XCBuildConfiguration;
			buildSettings = {
				ALWAYS_SEARCH_USER_PATHS = NO;
				CLANG_ANALYZER_NONNULL = YES;
				CLANG_ANALYZER_NUMBER_OBJECT_CONVERSION = YES_AGGRESSIVE;
				CLANG_CXX_LANGUAGE_STANDARD = "gnu++0x";
				CLANG_CXX_LIBRARY = "libc++";
				CLANG_ENABLE_MODULES = YES;
				CLANG_ENABLE_OBJC_ARC = YES;
				CLANG_WARN_BOOL_CONVERSION = YES;
				CLANG_WARN_CONSTANT_CONVERSION = YES;
				CLANG_WARN_DIRECT_OBJC_ISA_USAGE = YES_ERROR;
				CLANG_WARN_DOCUMENTATION_COMMENTS = YES;
				CLANG_WARN_EMPTY_BODY = YES;
				CLANG_WARN_ENUM_CONVERSION = YES;
				CLANG_WARN_INFINITE_RECURSION = YES;
				CLANG_WARN_INT_CONVERSION = YES;
				CLANG_WARN_OBJC_ROOT_CLASS = YES_ERROR;
				CLANG_WARN_SUSPICIOUS_MOVE = YES;
				CLANG_WARN_UNREACHABLE_CODE = YES;
				CLANG_WARN__DUPLICATE_METHOD_MATCH = YES;
				"CODE_SIGN_IDENTITY[sdk=iphoneos*]" = "iPhone Developer";
				COPY_PHASE_STRIP = NO;
				DEBUG_INFORMATION_FORMAT = dwarf;
				ENABLE_STRICT_OBJC_MSGSEND = YES;
				ENABLE_TESTABILITY = YES;
				GCC_C_LANGUAGE_STANDARD = gnu99;
				GCC_DYNAMIC_NO_PIC = NO;
				GCC_NO_COMMON_BLOCKS = YES;
				GCC_OPTIMIZATION_LEVEL = 0;
				GCC_PREPROCESSOR_DEFINITIONS = (
					"DEBUG=1",
					"$(inherited)",
				);
				GCC_WARN_64_TO_32_BIT_CONVERSION = YES;
				GCC_WARN_ABOUT_RETURN_TYPE = YES_ERROR;
				GCC_WARN_UNDECLARED_SELECTOR = YES;
				GCC_WARN_UNINITIALIZED_AUTOS = YES_AGGRESSIVE;
				GCC_WARN_UNUSED_FUNCTION = YES;
				GCC_WARN_UNUSED_VARIABLE = YES;
				IPHONEOS_DEPLOYMENT_TARGET = 10.3;
				MTL_ENABLE_DEBUG_INFO = YES;
				ONLY_ACTIVE_ARCH = YES;
				SDKROOT = iphoneos;
				SWIFT_ACTIVE_COMPILATION_CONDITIONS = DEBUG;
				SWIFT_OPTIMIZATION_LEVEL = "-Onone";
				TARGETED_DEVICE_FAMILY = "1,2";
			};
			name = Debug;
		};
		B5DD66631F6AEADD00115193 /* Release */ = {
			isa = XCBuildConfiguration;
			buildSettings = {
				ALWAYS_SEARCH_USER_PATHS = NO;
				CLANG_ANALYZER_NONNULL = YES;
				CLANG_ANALYZER_NUMBER_OBJECT_CONVERSION = YES_AGGRESSIVE;
				CLANG_CXX_LANGUAGE_STANDARD = "gnu++0x";
				CLANG_CXX_LIBRARY = "libc++";
				CLANG_ENABLE_MODULES = YES;
				CLANG_ENABLE_OBJC_ARC = YES;
				CLANG_WARN_BOOL_CONVERSION = YES;
				CLANG_WARN_CONSTANT_CONVERSION = YES;
				CLANG_WARN_DIRECT_OBJC_ISA_USAGE = YES_ERROR;
				CLANG_WARN_DOCUMENTATION_COMMENTS = YES;
				CLANG_WARN_EMPTY_BODY = YES;
				CLANG_WARN_ENUM_CONVERSION = YES;
				CLANG_WARN_INFINITE_RECURSION = YES;
				CLANG_WARN_INT_CONVERSION = YES;
				CLANG_WARN_OBJC_ROOT_CLASS = YES_ERROR;
				CLANG_WARN_SUSPICIOUS_MOVE = YES;
				CLANG_WARN_UNREACHABLE_CODE = YES;
				CLANG_WARN__DUPLICATE_METHOD_MATCH = YES;
				"CODE_SIGN_IDENTITY[sdk=iphoneos*]" = "iPhone Developer";
				COPY_PHASE_STRIP = NO;
				DEBUG_INFORMATION_FORMAT = "dwarf-with-dsym";
				ENABLE_NS_ASSERTIONS = NO;
				ENABLE_STRICT_OBJC_MSGSEND = YES;
				GCC_C_LANGUAGE_STANDARD = gnu99;
				GCC_NO_COMMON_BLOCKS = YES;
				GCC_WARN_64_TO_32_BIT_CONVERSION = YES;
				GCC_WARN_ABOUT_RETURN_TYPE = YES_ERROR;
				GCC_WARN_UNDECLARED_SELECTOR = YES;
				GCC_WARN_UNINITIALIZED_AUTOS = YES_AGGRESSIVE;
				GCC_WARN_UNUSED_FUNCTION = YES;
				GCC_WARN_UNUSED_VARIABLE = YES;
				IPHONEOS_DEPLOYMENT_TARGET = 10.3;
				MTL_ENABLE_DEBUG_INFO = NO;
				SDKROOT = iphoneos;
				SWIFT_OPTIMIZATION_LEVEL = "-Owholemodule";
				TARGETED_DEVICE_FAMILY = "1,2";
				VALIDATE_PRODUCT = YES;
			};
			name = Release;
		};
		B5DD66651F6AEADD00115193 /* Debug */ = {
			isa = XCBuildConfiguration;
			baseConfigurationReference = 5076921CAE73E680667F102C /* Pods-FacebookPhotoViewer.debug.xcconfig */;
			buildSettings = {
				ASSETCATALOG_COMPILER_APPICON_NAME = AppIcon;
				DEVELOPMENT_TEAM = YV3R4G9QG6;
				INFOPLIST_FILE = FacebookPhotoViewer/Info.plist;
				LD_RUNPATH_SEARCH_PATHS = "$(inherited) @executable_path/Frameworks";
				PRODUCT_BUNDLE_IDENTIFIER = KKV.FacebookPhotoViewer;
				PRODUCT_NAME = "$(TARGET_NAME)";
				SWIFT_VERSION = 3.0;
			};
			name = Debug;
		};
		B5DD66661F6AEADD00115193 /* Release */ = {
			isa = XCBuildConfiguration;
			baseConfigurationReference = 9F88F27A1F9FA8EE8F4BF542 /* Pods-FacebookPhotoViewer.release.xcconfig */;
			buildSettings = {
				ASSETCATALOG_COMPILER_APPICON_NAME = AppIcon;
				DEVELOPMENT_TEAM = YV3R4G9QG6;
				INFOPLIST_FILE = FacebookPhotoViewer/Info.plist;
				LD_RUNPATH_SEARCH_PATHS = "$(inherited) @executable_path/Frameworks";
				PRODUCT_BUNDLE_IDENTIFIER = KKV.FacebookPhotoViewer;
				PRODUCT_NAME = "$(TARGET_NAME)";
				SWIFT_VERSION = 3.0;
			};
			name = Release;
		};
/* End XCBuildConfiguration section */

/* Begin XCConfigurationList section */
		B5DD664D1F6AEADC00115193 /* Build configuration list for PBXProject "FacebookPhotoViewer" */ = {
			isa = XCConfigurationList;
			buildConfigurations = (
				B5DD66621F6AEADD00115193 /* Debug */,
				B5DD66631F6AEADD00115193 /* Release */,
			);
			defaultConfigurationIsVisible = 0;
			defaultConfigurationName = Release;
		};
		B5DD66641F6AEADD00115193 /* Build configuration list for PBXNativeTarget "FacebookPhotoViewer" */ = {
			isa = XCConfigurationList;
			buildConfigurations = (
				B5DD66651F6AEADD00115193 /* Debug */,
				B5DD66661F6AEADD00115193 /* Release */,
			);
			defaultConfigurationIsVisible = 0;
			defaultConfigurationName = Release;
		};
/* End XCConfigurationList section */
	};
	rootObject = B5DD664A1F6AEADC00115193 /* Project object */;
}
